
Microsoft Visual Studio Solution File, Format Version 12.00
# Visual Studio Version 17
VisualStudioVersion = 17.14.36518.9 d17.14
MinimumVisualStudioVersion = 10.0.40219.1
Project("{FAE04EC0-301F-11D3-BF4B-00C04F79EFBC}") = "MedVault.Api", "MedVault.Api\MedVault.Api.csproj", "{CC39E350-DAB6-46DA-8F89-69CEE28C3BDE}"
EndProject
Global
	GlobalSection(SolutionConfigurationPlatforms) = preSolution
		Debug|Any CPU = Debug|Any CPU
		Release|Any CPU = Release|Any CPU
	EndGlobalSection
	GlobalSection(ProjectConfigurationPlatforms) = postSolution
		{CC39E350-DAB6-46DA-8F89-69CEE28C3BDE}.Debug|Any CPU.ActiveCfg = Debug|Any CPU
		{CC39E350-DAB6-46DA-8F89-69CEE28C3BDE}.Debug|Any CPU.Build.0 = Debug|Any CPU
		{CC39E350-DAB6-46DA-8F89-69CEE28C3BDE}.Release|Any CPU.ActiveCfg = Release|Any CPU
		{CC39E350-DAB6-46DA-8F89-69CEE28C3BDE}.Release|Any CPU.Build.0 = Release|Any CPU
	EndGlobalSection
	GlobalSection(SolutionProperties) = preSolution
		HideSolutionNode = FALSE
	EndGlobalSection
	GlobalSection(ExtensibilityGlobals) = postSolution
		SolutionGuid = {95AE1203-18B4-4CC0-9CB7-8BDBCFC016C8}
	EndGlobalSection
EndGlobal
